
Microsoft Visual Studio Solution File, Format Version 12.00
# Visual Studio 2012
Project("{FAE04EC0-301F-11D3-BF4B-00C04F79EFBC}") = "FFXIVAPP", "FFXIVAPP\FFXIVAPP.csproj", "{721EE445-AF6A-4515-8431-E6DFC1DFD391}"
	ProjectSection(ProjectDependencies) = postProject
		{39A1D2AF-916A-49EF-A717-27D691FB25C2} = {39A1D2AF-916A-49EF-A717-27D691FB25C2}
	EndProjectSection
EndProject
Project("{FAE04EC0-301F-11D3-BF4B-00C04F79EFBC}") = "Updater", "Updater\Updater.csproj", "{39A1D2AF-916A-49EF-A717-27D691FB25C2}"
EndProject
Project("{2150E333-8FDC-42A3-9474-1A3956D46DE8}") = ".nuget", ".nuget", "{85F27EFA-8D17-46B1-9E7F-3FA5E9849AE0}"
	ProjectSection(SolutionItems) = preProject
		.nuget\NuGet.Config = .nuget\NuGet.Config
		.nuget\nuget.exe = .nuget\nuget.exe
		.nuget\NuGet.targets = .nuget\NuGet.targets
	EndProjectSection
EndProject
Global
	GlobalSection(TestCaseManagementSettings) = postSolution
		CategoryFile = sl-game-tools.vsmdi
	EndGlobalSection
	GlobalSection(SolutionConfigurationPlatforms) = preSolution
		Debug|Any CPU = Debug|Any CPU
		Debug|ARM = Debug|ARM
		Debug|Mixed Platforms = Debug|Mixed Platforms
		Debug|Win32 = Debug|Win32
		Debug|x64 = Debug|x64
		Debug|x86 = Debug|x86
		Release|Any CPU = Release|Any CPU
		Release|ARM = Release|ARM
		Release|Mixed Platforms = Release|Mixed Platforms
		Release|Win32 = Release|Win32
		Release|x64 = Release|x64
		Release|x86 = Release|x86
		SmartAssembly|Any CPU = SmartAssembly|Any CPU
		SmartAssembly|ARM = SmartAssembly|ARM
		SmartAssembly|Mixed Platforms = SmartAssembly|Mixed Platforms
		SmartAssembly|Win32 = SmartAssembly|Win32
		SmartAssembly|x64 = SmartAssembly|x64
		SmartAssembly|x86 = SmartAssembly|x86
	EndGlobalSection
	GlobalSection(ProjectConfigurationPlatforms) = postSolution
		{721EE445-AF6A-4515-8431-E6DFC1DFD391}.Debug|Any CPU.ActiveCfg = Debug|x86
		{721EE445-AF6A-4515-8431-E6DFC1DFD391}.Debug|ARM.ActiveCfg = Debug|x86
		{721EE445-AF6A-4515-8431-E6DFC1DFD391}.Debug|Mixed Platforms.ActiveCfg = Debug|x86
		{721EE445-AF6A-4515-8431-E6DFC1DFD391}.Debug|Mixed Platforms.Build.0 = Debug|x86
		{721EE445-AF6A-4515-8431-E6DFC1DFD391}.Debug|Win32.ActiveCfg = Debug|x86
		{721EE445-AF6A-4515-8431-E6DFC1DFD391}.Debug|x64.ActiveCfg = Debug|x86
		{721EE445-AF6A-4515-8431-E6DFC1DFD391}.Debug|x86.ActiveCfg = Debug|x86
		{721EE445-AF6A-4515-8431-E6DFC1DFD391}.Debug|x86.Build.0 = Debug|x86
		{721EE445-AF6A-4515-8431-E6DFC1DFD391}.Release|Any CPU.ActiveCfg = Release|x86
		{721EE445-AF6A-4515-8431-E6DFC1DFD391}.Release|ARM.ActiveCfg = Release|x86
		{721EE445-AF6A-4515-8431-E6DFC1DFD391}.Release|Mixed Platforms.ActiveCfg = Release|x86
		{721EE445-AF6A-4515-8431-E6DFC1DFD391}.Release|Mixed Platforms.Build.0 = Release|x86
		{721EE445-AF6A-4515-8431-E6DFC1DFD391}.Release|Win32.ActiveCfg = Release|x86
		{721EE445-AF6A-4515-8431-E6DFC1DFD391}.Release|x64.ActiveCfg = Release|x86
		{721EE445-AF6A-4515-8431-E6DFC1DFD391}.Release|x86.ActiveCfg = Release|x86
		{721EE445-AF6A-4515-8431-E6DFC1DFD391}.Release|x86.Build.0 = Release|x86
		{721EE445-AF6A-4515-8431-E6DFC1DFD391}.SmartAssembly|Any CPU.ActiveCfg = SmartAssembly|x86
		{721EE445-AF6A-4515-8431-E6DFC1DFD391}.SmartAssembly|ARM.ActiveCfg = SmartAssembly|x86
		{721EE445-AF6A-4515-8431-E6DFC1DFD391}.SmartAssembly|Mixed Platforms.ActiveCfg = SmartAssembly|x86
		{721EE445-AF6A-4515-8431-E6DFC1DFD391}.SmartAssembly|Mixed Platforms.Build.0 = SmartAssembly|x86
		{721EE445-AF6A-4515-8431-E6DFC1DFD391}.SmartAssembly|Win32.ActiveCfg = SmartAssembly|x86
		{721EE445-AF6A-4515-8431-E6DFC1DFD391}.SmartAssembly|x64.ActiveCfg = SmartAssembly|x86
		{721EE445-AF6A-4515-8431-E6DFC1DFD391}.SmartAssembly|x86.ActiveCfg = SmartAssembly|x86
		{721EE445-AF6A-4515-8431-E6DFC1DFD391}.SmartAssembly|x86.Build.0 = SmartAssembly|x86
		{39A1D2AF-916A-49EF-A717-27D691FB25C2}.Debug|Any CPU.ActiveCfg = Debug|x86
		{39A1D2AF-916A-49EF-A717-27D691FB25C2}.Debug|ARM.ActiveCfg = Debug|x86
		{39A1D2AF-916A-49EF-A717-27D691FB25C2}.Debug|Mixed Platforms.ActiveCfg = Debug|x86
		{39A1D2AF-916A-49EF-A717-27D691FB25C2}.Debug|Mixed Platforms.Build.0 = Debug|x86
		{39A1D2AF-916A-49EF-A717-27D691FB25C2}.Debug|Win32.ActiveCfg = Debug|x86
		{39A1D2AF-916A-49EF-A717-27D691FB25C2}.Debug|x64.ActiveCfg = Debug|x86
		{39A1D2AF-916A-49EF-A717-27D691FB25C2}.Debug|x86.ActiveCfg = Debug|x86
		{39A1D2AF-916A-49EF-A717-27D691FB25C2}.Debug|x86.Build.0 = Debug|x86
		{39A1D2AF-916A-49EF-A717-27D691FB25C2}.Release|Any CPU.ActiveCfg = Release|x86
		{39A1D2AF-916A-49EF-A717-27D691FB25C2}.Release|ARM.ActiveCfg = Release|x86
		{39A1D2AF-916A-49EF-A717-27D691FB25C2}.Release|Mixed Platforms.ActiveCfg = Release|x86
		{39A1D2AF-916A-49EF-A717-27D691FB25C2}.Release|Mixed Platforms.Build.0 = Release|x86
		{39A1D2AF-916A-49EF-A717-27D691FB25C2}.Release|Win32.ActiveCfg = Release|x86
		{39A1D2AF-916A-49EF-A717-27D691FB25C2}.Release|x64.ActiveCfg = Release|x86
		{39A1D2AF-916A-49EF-A717-27D691FB25C2}.Release|x86.ActiveCfg = Release|x86
		{39A1D2AF-916A-49EF-A717-27D691FB25C2}.Release|x86.Build.0 = Release|x86
		{39A1D2AF-916A-49EF-A717-27D691FB25C2}.SmartAssembly|Any CPU.ActiveCfg = SmartAssembly|x86
		{39A1D2AF-916A-49EF-A717-27D691FB25C2}.SmartAssembly|ARM.ActiveCfg = SmartAssembly|x86
		{39A1D2AF-916A-49EF-A717-27D691FB25C2}.SmartAssembly|Mixed Platforms.ActiveCfg = SmartAssembly|x86
		{39A1D2AF-916A-49EF-A717-27D691FB25C2}.SmartAssembly|Mixed Platforms.Build.0 = SmartAssembly|x86
		{39A1D2AF-916A-49EF-A717-27D691FB25C2}.SmartAssembly|Win32.ActiveCfg = SmartAssembly|x86
		{39A1D2AF-916A-49EF-A717-27D691FB25C2}.SmartAssembly|x64.ActiveCfg = SmartAssembly|x86
		{39A1D2AF-916A-49EF-A717-27D691FB25C2}.SmartAssembly|x86.ActiveCfg = SmartAssembly|x86
		{39A1D2AF-916A-49EF-A717-27D691FB25C2}.SmartAssembly|x86.Build.0 = SmartAssembly|x86
	EndGlobalSection
	GlobalSection(SolutionProperties) = preSolution
		HideSolutionNode = FALSE
	EndGlobalSection
EndGlobal
